
Microsoft Visual Studio Solution File, Format Version 12.00
# Visual Studio Version 17
VisualStudioVersion = 17.8.34330.188
MinimumVisualStudioVersion = 10.0.40219.1
Project("{2150E333-8FDC-42A3-9474-1A3956D46DE8}") = "Services", "Services", "{01482A9F-A075-476C-BB8C-C0541F155C53}"
EndProject
Project("{2150E333-8FDC-42A3-9474-1A3956D46DE8}") = "Catalog", "Catalog", "{9C407BD7-8EEF-473D-B1B7-861B7A530380}"
EndProject
Project("{9A19103F-16F7-4668-BE54-9A1E7A4F7556}") = "MultiShop.Catalog", "Services\Catalog\MultiShop.Catalog\MultiShop.Catalog.csproj", "{CAFBEB56-AF49-4790-A27F-E6B748E7BA3B}"
EndProject
Project("{2150E333-8FDC-42A3-9474-1A3956D46DE8}") = "Discount", "Discount", "{319310DC-FE9D-4031-B782-E1C4F31EC1D5}"
EndProject
Project("{FAE04EC0-301F-11D3-BF4B-00C04F79EFBC}") = "MultiShop.Discount", "Services\Discount\MultiShop.Discount\MultiShop.Discount.csproj", "{E39014D4-171D-4590-A69B-A8DB05DAE9CB}"
EndProject
Global
	GlobalSection(SolutionConfigurationPlatforms) = preSolution
		Debug|Any CPU = Debug|Any CPU
		Release|Any CPU = Release|Any CPU
	EndGlobalSection
	GlobalSection(ProjectConfigurationPlatforms) = postSolution
		{CAFBEB56-AF49-4790-A27F-E6B748E7BA3B}.Debug|Any CPU.ActiveCfg = Debug|Any CPU
		{CAFBEB56-AF49-4790-A27F-E6B748E7BA3B}.Debug|Any CPU.Build.0 = Debug|Any CPU
		{CAFBEB56-AF49-4790-A27F-E6B748E7BA3B}.Release|Any CPU.ActiveCfg = Release|Any CPU
		{CAFBEB56-AF49-4790-A27F-E6B748E7BA3B}.Release|Any CPU.Build.0 = Release|Any CPU
		{E39014D4-171D-4590-A69B-A8DB05DAE9CB}.Debug|Any CPU.ActiveCfg = Debug|Any CPU
		{E39014D4-171D-4590-A69B-A8DB05DAE9CB}.Debug|Any CPU.Build.0 = Debug|Any CPU
		{E39014D4-171D-4590-A69B-A8DB05DAE9CB}.Release|Any CPU.ActiveCfg = Release|Any CPU
		{E39014D4-171D-4590-A69B-A8DB05DAE9CB}.Release|Any CPU.Build.0 = Release|Any CPU
	EndGlobalSection
	GlobalSection(SolutionProperties) = preSolution
		HideSolutionNode = FALSE
	EndGlobalSection
	GlobalSection(NestedProjects) = preSolution
		{9C407BD7-8EEF-473D-B1B7-861B7A530380} = {01482A9F-A075-476C-BB8C-C0541F155C53}
		{CAFBEB56-AF49-4790-A27F-E6B748E7BA3B} = {9C407BD7-8EEF-473D-B1B7-861B7A530380}
		{319310DC-FE9D-4031-B782-E1C4F31EC1D5} = {01482A9F-A075-476C-BB8C-C0541F155C53}
		{E39014D4-171D-4590-A69B-A8DB05DAE9CB} = {319310DC-FE9D-4031-B782-E1C4F31EC1D5}
	EndGlobalSection
	GlobalSection(ExtensibilityGlobals) = postSolution
		SolutionGuid = {0AD1A021-6EEB-46A8-8264-9998940C6BC0}
	EndGlobalSection
EndGlobal
